{
  "name": "@cidaas/cidaas-id-validator-ui-sdk",
  "version": "1.0.13",
  "lockfileVersion": 2,
  "requires": true,
  "packages": {
    "": {
      "name": "@cidaas/cidaas-id-validator-ui-sdk",
      "version": "1.0.13",
      "dependencies": {
        "xhr2": "0.2.1"
      },
      "devDependencies": {
        "typescript": "4.5.4"
      }
    },
    "node_modules/typescript": {
      "version": "4.5.4",
      "resolved": "http://nexus.widas.de/repository/npm-all/typescript/-/typescript-4.5.4.tgz",
      "integrity": "sha512-VgYs2A2QIRuGphtzFV7aQJduJ2gyfTljngLzjpfW9FoYZF6xuw1W0vW9ghCKLfcWrCFxK81CSGRAvS1pn4fIUg==",
      "dev": true,
      "license": "Apache-2.0",
      "bin": {
        "tsc": "bin/tsc",
        "tsserver": "bin/tsserver"
      },
      "engines": {
        "node": ">=4.2.0"
      }
    },
    "node_modules/xhr2": {
      "version": "0.2.1",
      "resolved": "http://nexus.widas.de/repository/npm-all/xhr2/-/xhr2-0.2.1.tgz",
      "integrity": "sha512-sID0rrVCqkVNUn8t6xuv9+6FViXjUVXq8H5rWOH2rz9fDNQEd4g0EA2XlcEdJXRz5BMEn4O1pJFdT+z4YHhoWw==",
      "license": "MIT",
      "engines": {
        "node": ">= 6"
      }
    }
  },
  "dependencies": {
    "typescript": {
      "version": "4.5.4",
      "resolved": "http://nexus.widas.de/repository/npm-all/typescript/-/typescript-4.5.4.tgz",
      "integrity": "sha512-VgYs2A2QIRuGphtzFV7aQJduJ2gyfTljngLzjpfW9FoYZF6xuw1W0vW9ghCKLfcWrCFxK81CSGRAvS1pn4fIUg==",
      "dev": true
    },
    "xhr2": {
      "version": "0.2.1",
      "resolved": "http://nexus.widas.de/repository/npm-all/xhr2/-/xhr2-0.2.1.tgz",
      "integrity": "sha512-sID0rrVCqkVNUn8t6xuv9+6FViXjUVXq8H5rWOH2rz9fDNQEd4g0EA2XlcEdJXRz5BMEn4O1pJFdT+z4YHhoWw=="
    }
  }
}
